{
  "nodes": {
    "nixpkgs": {
      "locked": {
        "lastModified": 1689449371,
        "narHash": "sha256-sK3Oi8uEFrFPL83wKPV6w0+96NrmwqIpw9YFffMifVg=",
        "owner": "NixOS",
        "repo": "nixpkgs",
        "rev": "29bcead8405cfe4c00085843eb372cc43837bb9d",
        "type": "github"
      },
      "original": {
        "id": "nixpkgs",
        "ref": "nixpkgs-unstable",
        "type": "indirect"
      }
    },
    "root": {
      "inputs": {
        "nixpkgs": "nixpkgs",
        "spicetify-themes": "spicetify-themes"
      }
    },
    "spicetify-themes": {
      "flake": false,
      "locked": {
        "lastModified": 1631272361,
        "narHash": "sha256-nCKERq40oLhYx+FP29Uxpf8v3GIIGyIhYNQNsT6gHmg=",
        "owner": "alindl",
        "repo": "spicetify-themes",
        "rev": "0708f73e83d29004d284ef20b8ac66206ec14911",
        "type": "github"
      },
      "original": {
        "owner": "alindl",
        "repo": "spicetify-themes",
        "type": "github"
      }
    }
  },
  "root": "root",
  "version": 7
}
